
Microsoft Visual Studio Solution File, Format Version 12.00
# Visual Studio 15
VisualStudioVersion = 15.0.27428.2005
MinimumVisualStudioVersion = 10.0.40219.1
Project("{FAE04EC0-301F-11D3-BF4B-00C04F79EFBC}") = "LiteDBImagensExemplo.Android", "LiteDBImagensExemplo\LiteDBImagensExemplo.Android\LiteDBImagensExemplo.Android.csproj", "{A474F34F-A652-4DD9-8F44-D91ADE19ADA7}"
EndProject
Project("{FAE04EC0-301F-11D3-BF4B-00C04F79EFBC}") = "LiteDBImagensExemplo.iOS", "LiteDBImagensExemplo\LiteDBImagensExemplo.iOS\LiteDBImagensExemplo.iOS.csproj", "{27AFF555-DA2B-46A1-893B-4D815AFA9D49}"
EndProject
Project("{FAE04EC0-301F-11D3-BF4B-00C04F79EFBC}") = "LiteDBImagensExemplo", "LiteDBImagensExemplo\LiteDBImagensExemplo\LiteDBImagensExemplo.csproj", "{FB3D1603-4655-4890-8BA9-A9E4E9B10970}"
EndProject
Global
	GlobalSection(SolutionConfigurationPlatforms) = preSolution
		Ad-Hoc|Any CPU = Ad-Hoc|Any CPU
		Ad-Hoc|ARM = Ad-Hoc|ARM
		Ad-Hoc|iPhone = Ad-Hoc|iPhone
		Ad-Hoc|iPhoneSimulator = Ad-Hoc|iPhoneSimulator
		Ad-Hoc|x64 = Ad-Hoc|x64
		Ad-Hoc|x86 = Ad-Hoc|x86
		AppStore|Any CPU = AppStore|Any CPU
		AppStore|ARM = AppStore|ARM
		AppStore|iPhone = AppStore|iPhone
		AppStore|iPhoneSimulator = AppStore|iPhoneSimulator
		AppStore|x64 = AppStore|x64
		AppStore|x86 = AppStore|x86
		Debug|Any CPU = Debug|Any CPU
		Debug|ARM = Debug|ARM
		Debug|iPhone = Debug|iPhone
		Debug|iPhoneSimulator = Debug|iPhoneSimulator
		Debug|x64 = Debug|x64
		Debug|x86 = Debug|x86
		Release|Any CPU = Release|Any CPU
		Release|ARM = Release|ARM
		Release|iPhone = Release|iPhone
		Release|iPhoneSimulator = Release|iPhoneSimulator
		Release|x64 = Release|x64
		Release|x86 = Release|x86
	EndGlobalSection
	GlobalSection(ProjectConfigurationPlatforms) = postSolution
		{A474F34F-A652-4DD9-8F44-D91ADE19ADA7}.Ad-Hoc|Any CPU.ActiveCfg = Release|Any CPU
		{A474F34F-A652-4DD9-8F44-D91ADE19ADA7}.Ad-Hoc|Any CPU.Build.0 = Release|Any CPU
		{A474F34F-A652-4DD9-8F44-D91ADE19ADA7}.Ad-Hoc|Any CPU.Deploy.0 = Release|Any CPU
		{A474F34F-A652-4DD9-8F44-D91ADE19ADA7}.Ad-Hoc|ARM.ActiveCfg = Release|Any CPU
		{A474F34F-A652-4DD9-8F44-D91ADE19ADA7}.Ad-Hoc|ARM.Build.0 = Release|Any CPU
		{A474F34F-A652-4DD9-8F44-D91ADE19ADA7}.Ad-Hoc|ARM.Deploy.0 = Release|Any CPU
		{A474F34F-A652-4DD9-8F44-D91ADE19ADA7}.Ad-Hoc|iPhone.ActiveCfg = Release|Any CPU
		{A474F34F-A652-4DD9-8F44-D91ADE19ADA7}.Ad-Hoc|iPhone.Build.0 = Release|Any CPU
		{A474F34F-A652-4DD9-8F44-D91ADE19ADA7}.Ad-Hoc|iPhone.Deploy.0 = Release|Any CPU
		{A474F34F-A652-4DD9-8F44-D91ADE19ADA7}.Ad-Hoc|iPhoneSimulator.ActiveCfg = Release|Any CPU
		{A474F34F-A652-4DD9-8F44-D91ADE19ADA7}.Ad-Hoc|iPhoneSimulator.Build.0 = Release|Any CPU
		{A474F34F-A652-4DD9-8F44-D91ADE19ADA7}.Ad-Hoc|iPhoneSimulator.Deploy.0 = Release|Any CPU
		{A474F34F-A652-4DD9-8F44-D91ADE19ADA7}.Ad-Hoc|x64.ActiveCfg = Release|Any CPU
		{A474F34F-A652-4DD9-8F44-D91ADE19ADA7}.Ad-Hoc|x64.Build.0 = Release|Any CPU
		{A474F34F-A652-4DD9-8F44-D91ADE19ADA7}.Ad-Hoc|x64.Deploy.0 = Release|Any CPU
		{A474F34F-A652-4DD9-8F44-D91ADE19ADA7}.Ad-Hoc|x86.ActiveCfg = Release|Any CPU
		{A474F34F-A652-4DD9-8F44-D91ADE19ADA7}.Ad-Hoc|x86.Build.0 = Release|Any CPU
		{A474F34F-A652-4DD9-8F44-D91ADE19ADA7}.Ad-Hoc|x86.Deploy.0 = Release|Any CPU
		{A474F34F-A652-4DD9-8F44-D91ADE19ADA7}.AppStore|Any CPU.ActiveCfg = Release|Any CPU
		{A474F34F-A652-4DD9-8F44-D91ADE19ADA7}.AppStore|Any CPU.Build.0 = Release|Any CPU
		{A474F34F-A652-4DD9-8F44-D91ADE19ADA7}.AppStore|Any CPU.Deploy.0 = Release|Any CPU
		{A474F34F-A652-4DD9-8F44-D91ADE19ADA7}.AppStore|ARM.ActiveCfg = Release|Any CPU
		{A474F34F-A652-4DD9-8F44-D91ADE19ADA7}.AppStore|ARM.Build.0 = Release|Any CPU
		{A474F34F-A652-4DD9-8F44-D91ADE19ADA7}.AppStore|ARM.Deploy.0 = Release|Any CPU
		{A474F34F-A652-4DD9-8F44-D91ADE19ADA7}.AppStore|iPhone.ActiveCfg = Release|Any CPU
		{A474F34F-A652-4DD9-8F44-D91ADE19ADA7}.AppStore|iPhone.Build.0 = Release|Any CPU
		{A474F34F-A652-4DD9-8F44-D91ADE19ADA7}.AppStore|iPhone.Deploy.0 = Release|Any CPU
		{A474F34F-A652-4DD9-8F44-D91ADE19ADA7}.AppStore|iPhoneSimulator.ActiveCfg = Release|Any CPU
		{A474F34F-A652-4DD9-8F44-D91ADE19ADA7}.AppStore|iPhoneSimulator.Build.0 = Release|Any CPU
		{A474F34F-A652-4DD9-8F44-D91ADE19ADA7}.AppStore|iPhoneSimulator.Deploy.0 = Release|Any CPU
		{A474F34F-A652-4DD9-8F44-D91ADE19ADA7}.AppStore|x64.ActiveCfg = Release|Any CPU
		{A474F34F-A652-4DD9-8F44-D91ADE19ADA7}.AppStore|x64.Build.0 = Release|Any CPU
		{A474F34F-A652-4DD9-8F44-D91ADE19ADA7}.AppStore|x64.Deploy.0 = Release|Any CPU
		{A474F34F-A652-4DD9-8F44-D91ADE19ADA7}.AppStore|x86.ActiveCfg = Release|Any CPU
		{A474F34F-A652-4DD9-8F44-D91ADE19ADA7}.AppStore|x86.Build.0 = Release|Any CPU
		{A474F34F-A652-4DD9-8F44-D91ADE19ADA7}.AppStore|x86.Deploy.0 = Release|Any CPU
		{A474F34F-A652-4DD9-8F44-D91ADE19ADA7}.Debug|Any CPU.ActiveCfg = Debug|Any CPU
		{A474F34F-A652-4DD9-8F44-D91ADE19ADA7}.Debug|Any CPU.Build.0 = Debug|Any CPU
		{A474F34F-A652-4DD9-8F44-D91ADE19ADA7}.Debug|Any CPU.Deploy.0 = Debug|Any CPU
		{A474F34F-A652-4DD9-8F44-D91ADE19ADA7}.Debug|ARM.ActiveCfg = Debug|Any CPU
		{A474F34F-A652-4DD9-8F44-D91ADE19ADA7}.Debug|ARM.Build.0 = Debug|Any CPU
		{A474F34F-A652-4DD9-8F44-D91ADE19ADA7}.Debug|ARM.Deploy.0 = Debug|Any CPU
		{A474F34F-A652-4DD9-8F44-D91ADE19ADA7}.Debug|iPhone.ActiveCfg = Debug|Any CPU
		{A474F34F-A652-4DD9-8F44-D91ADE19ADA7}.Debug|iPhone.Build.0 = Debug|Any CPU
		{A474F34F-A652-4DD9-8F44-D91ADE19ADA7}.Debug|iPhone.Deploy.0 = Debug|Any CPU
		{A474F34F-A652-4DD9-8F44-D91ADE19ADA7}.Debug|iPhoneSimulator.ActiveCfg = Debug|Any CPU
		{A474F34F-A652-4DD9-8F44-D91ADE19ADA7}.Debug|iPhoneSimulator.Build.0 = Debug|Any CPU
		{A474F34F-A652-4DD9-8F44-D91ADE19ADA7}.Debug|iPhoneSimulator.Deploy.0 = Debug|Any CPU
		{A474F34F-A652-4DD9-8F44-D91ADE19ADA7}.Debug|x64.ActiveCfg = Debug|Any CPU
		{A474F34F-A652-4DD9-8F44-D91ADE19ADA7}.Debug|x64.Build.0 = Debug|Any CPU
		{A474F34F-A652-4DD9-8F44-D91ADE19ADA7}.Debug|x64.Deploy.0 = Debug|Any CPU
		{A474F34F-A652-4DD9-8F44-D91ADE19ADA7}.Debug|x86.ActiveCfg = Debug|Any CPU
		{A474F34F-A652-4DD9-8F44-D91ADE19ADA7}.Debug|x86.Build.0 = Debug|Any CPU
		{A474F34F-A652-4DD9-8F44-D91ADE19ADA7}.Debug|x86.Deploy.0 = Debug|Any CPU
		{A474F34F-A652-4DD9-8F44-D91ADE19ADA7}.Release|Any CPU.ActiveCfg = Release|Any CPU
		{A474F34F-A652-4DD9-8F44-D91ADE19ADA7}.Release|Any CPU.Build.0 = Release|Any CPU
		{A474F34F-A652-4DD9-8F44-D91ADE19ADA7}.Release|Any CPU.Deploy.0 = Release|Any CPU
		{A474F34F-A652-4DD9-8F44-D91ADE19ADA7}.Release|ARM.ActiveCfg = Release|Any CPU
		{A474F34F-A652-4DD9-8F44-D91ADE19ADA7}.Release|ARM.Build.0 = Release|Any CPU
		{A474F34F-A652-4DD9-8F44-D91ADE19ADA7}.Release|ARM.Deploy.0 = Release|Any CPU
		{A474F34F-A652-4DD9-8F44-D91ADE19ADA7}.Release|iPhone.ActiveCfg = Release|Any CPU
		{A474F34F-A652-4DD9-8F44-D91ADE19ADA7}.Release|iPhone.Build.0 = Release|Any CPU
		{A474F34F-A652-4DD9-8F44-D91ADE19ADA7}.Release|iPhone.Deploy.0 = Release|Any CPU
		{A474F34F-A652-4DD9-8F44-D91ADE19ADA7}.Release|iPhoneSimulator.ActiveCfg = Release|Any CPU
		{A474F34F-A652-4DD9-8F44-D91ADE19ADA7}.Release|iPhoneSimulator.Build.0 = Release|Any CPU
		{A474F34F-A652-4DD9-8F44-D91ADE19ADA7}.Release|iPhoneSimulator.Deploy.0 = Release|Any CPU
		{A474F34F-A652-4DD9-8F44-D91ADE19ADA7}.Release|x64.ActiveCfg = Release|Any CPU
		{A474F34F-A652-4DD9-8F44-D91ADE19ADA7}.Release|x64.Build.0 = Release|Any CPU
		{A474F34F-A652-4DD9-8F44-D91ADE19ADA7}.Release|x64.Deploy.0 = Release|Any CPU
		{A474F34F-A652-4DD9-8F44-D91ADE19ADA7}.Release|x86.ActiveCfg = Release|Any CPU
		{A474F34F-A652-4DD9-8F44-D91ADE19ADA7}.Release|x86.Build.0 = Release|Any CPU
		{A474F34F-A652-4DD9-8F44-D91ADE19ADA7}.Release|x86.Deploy.0 = Release|Any CPU
		{27AFF555-DA2B-46A1-893B-4D815AFA9D49}.Ad-Hoc|Any CPU.ActiveCfg = Ad-Hoc|iPhone
		{27AFF555-DA2B-46A1-893B-4D815AFA9D49}.Ad-Hoc|ARM.ActiveCfg = Ad-Hoc|iPhone
		{27AFF555-DA2B-46A1-893B-4D815AFA9D49}.Ad-Hoc|iPhone.ActiveCfg = Ad-Hoc|iPhone
		{27AFF555-DA2B-46A1-893B-4D815AFA9D49}.Ad-Hoc|iPhone.Build.0 = Ad-Hoc|iPhone
		{27AFF555-DA2B-46A1-893B-4D815AFA9D49}.Ad-Hoc|iPhoneSimulator.ActiveCfg = Ad-Hoc|iPhoneSimulator
		{27AFF555-DA2B-46A1-893B-4D815AFA9D49}.Ad-Hoc|iPhoneSimulator.Build.0 = Ad-Hoc|iPhoneSimulator
		{27AFF555-DA2B-46A1-893B-4D815AFA9D49}.Ad-Hoc|x64.ActiveCfg = Ad-Hoc|iPhone
		{27AFF555-DA2B-46A1-893B-4D815AFA9D49}.Ad-Hoc|x86.ActiveCfg = Ad-Hoc|iPhone
		{27AFF555-DA2B-46A1-893B-4D815AFA9D49}.AppStore|Any CPU.ActiveCfg = AppStore|iPhone
		{27AFF555-DA2B-46A1-893B-4D815AFA9D49}.AppStore|ARM.ActiveCfg = AppStore|iPhone
		{27AFF555-DA2B-46A1-893B-4D815AFA9D49}.AppStore|iPhone.ActiveCfg = AppStore|iPhone
		{27AFF555-DA2B-46A1-893B-4D815AFA9D49}.AppStore|iPhone.Build.0 = AppStore|iPhone
		{27AFF555-DA2B-46A1-893B-4D815AFA9D49}.AppStore|iPhoneSimulator.ActiveCfg = AppStore|iPhoneSimulator
		{27AFF555-DA2B-46A1-893B-4D815AFA9D49}.AppStore|iPhoneSimulator.Build.0 = AppStore|iPhoneSimulator
		{27AFF555-DA2B-46A1-893B-4D815AFA9D49}.AppStore|x64.ActiveCfg = AppStore|iPhone
		{27AFF555-DA2B-46A1-893B-4D815AFA9D49}.AppStore|x86.ActiveCfg = AppStore|iPhone
		{27AFF555-DA2B-46A1-893B-4D815AFA9D49}.Debug|Any CPU.ActiveCfg = Debug|iPhone
		{27AFF555-DA2B-46A1-893B-4D815AFA9D49}.Debug|ARM.ActiveCfg = Debug|iPhone
		{27AFF555-DA2B-46A1-893B-4D815AFA9D49}.Debug|iPhone.ActiveCfg = Debug|iPhone
		{27AFF555-DA2B-46A1-893B-4D815AFA9D49}.Debug|iPhone.Build.0 = Debug|iPhone
		{27AFF555-DA2B-46A1-893B-4D815AFA9D49}.Debug|iPhoneSimulator.ActiveCfg = Debug|iPhoneSimulator
		{27AFF555-DA2B-46A1-893B-4D815AFA9D49}.Debug|iPhoneSimulator.Build.0 = Debug|iPhoneSimulator
		{27AFF555-DA2B-46A1-893B-4D815AFA9D49}.Debug|x64.ActiveCfg = Debug|iPhone
		{27AFF555-DA2B-46A1-893B-4D815AFA9D49}.Debug|x86.ActiveCfg = Debug|iPhone
		{27AFF555-DA2B-46A1-893B-4D815AFA9D49}.Release|Any CPU.ActiveCfg = Release|iPhone
		{27AFF555-DA2B-46A1-893B-4D815AFA9D49}.Release|ARM.ActiveCfg = Release|iPhone
		{27AFF555-DA2B-46A1-893B-4D815AFA9D49}.Release|iPhone.ActiveCfg = Release|iPhone
		{27AFF555-DA2B-46A1-893B-4D815AFA9D49}.Release|iPhone.Build.0 = Release|iPhone
		{27AFF555-DA2B-46A1-893B-4D815AFA9D49}.Release|iPhoneSimulator.ActiveCfg = Release|iPhoneSimulator
		{27AFF555-DA2B-46A1-893B-4D815AFA9D49}.Release|iPhoneSimulator.Build.0 = Release|iPhoneSimulator
		{27AFF555-DA2B-46A1-893B-4D815AFA9D49}.Release|x64.ActiveCfg = Release|iPhone
		{27AFF555-DA2B-46A1-893B-4D815AFA9D49}.Release|x86.ActiveCfg = Release|iPhone
		{FB3D1603-4655-4890-8BA9-A9E4E9B10970}.Ad-Hoc|Any CPU.ActiveCfg = Debug|Any CPU
		{FB3D1603-4655-4890-8BA9-A9E4E9B10970}.Ad-Hoc|Any CPU.Build.0 = Debug|Any CPU
		{FB3D1603-4655-4890-8BA9-A9E4E9B10970}.Ad-Hoc|ARM.ActiveCfg = Debug|Any CPU
		{FB3D1603-4655-4890-8BA9-A9E4E9B10970}.Ad-Hoc|ARM.Build.0 = Debug|Any CPU
		{FB3D1603-4655-4890-8BA9-A9E4E9B10970}.Ad-Hoc|iPhone.ActiveCfg = Debug|Any CPU
		{FB3D1603-4655-4890-8BA9-A9E4E9B10970}.Ad-Hoc|iPhone.Build.0 = Debug|Any CPU
		{FB3D1603-4655-4890-8BA9-A9E4E9B10970}.Ad-Hoc|iPhoneSimulator.ActiveCfg = Debug|Any CPU
		{FB3D1603-4655-4890-8BA9-A9E4E9B10970}.Ad-Hoc|iPhoneSimulator.Build.0 = Debug|Any CPU
		{FB3D1603-4655-4890-8BA9-A9E4E9B10970}.Ad-Hoc|x64.ActiveCfg = Debug|Any CPU
		{FB3D1603-4655-4890-8BA9-A9E4E9B10970}.Ad-Hoc|x64.Build.0 = Debug|Any CPU
		{FB3D1603-4655-4890-8BA9-A9E4E9B10970}.Ad-Hoc|x86.ActiveCfg = Debug|Any CPU
		{FB3D1603-4655-4890-8BA9-A9E4E9B10970}.Ad-Hoc|x86.Build.0 = Debug|Any CPU
		{FB3D1603-4655-4890-8BA9-A9E4E9B10970}.AppStore|Any CPU.ActiveCfg = Debug|Any CPU
		{FB3D1603-4655-4890-8BA9-A9E4E9B10970}.AppStore|Any CPU.Build.0 = Debug|Any CPU
		{FB3D1603-4655-4890-8BA9-A9E4E9B10970}.AppStore|ARM.ActiveCfg = Debug|Any CPU
		{FB3D1603-4655-4890-8BA9-A9E4E9B10970}.AppStore|ARM.Build.0 = Debug|Any CPU
		{FB3D1603-4655-4890-8BA9-A9E4E9B10970}.AppStore|iPhone.ActiveCfg = Debug|Any CPU
		{FB3D1603-4655-4890-8BA9-A9E4E9B10970}.AppStore|iPhone.Build.0 = Debug|Any CPU
		{FB3D1603-4655-4890-8BA9-A9E4E9B10970}.AppStore|iPhoneSimulator.ActiveCfg = Debug|Any CPU
		{FB3D1603-4655-4890-8BA9-A9E4E9B10970}.AppStore|iPhoneSimulator.Build.0 = Debug|Any CPU
		{FB3D1603-4655-4890-8BA9-A9E4E9B10970}.AppStore|x64.ActiveCfg = Debug|Any CPU
		{FB3D1603-4655-4890-8BA9-A9E4E9B10970}.AppStore|x64.Build.0 = Debug|Any CPU
		{FB3D1603-4655-4890-8BA9-A9E4E9B10970}.AppStore|x86.ActiveCfg = Debug|Any CPU
		{FB3D1603-4655-4890-8BA9-A9E4E9B10970}.AppStore|x86.Build.0 = Debug|Any CPU
		{FB3D1603-4655-4890-8BA9-A9E4E9B10970}.Debug|Any CPU.ActiveCfg = Debug|Any CPU
		{FB3D1603-4655-4890-8BA9-A9E4E9B10970}.Debug|Any CPU.Build.0 = Debug|Any CPU
		{FB3D1603-4655-4890-8BA9-A9E4E9B10970}.Debug|ARM.ActiveCfg = Debug|Any CPU
		{FB3D1603-4655-4890-8BA9-A9E4E9B10970}.Debug|ARM.Build.0 = Debug|Any CPU
		{FB3D1603-4655-4890-8BA9-A9E4E9B10970}.Debug|iPhone.ActiveCfg = Debug|Any CPU
		{FB3D1603-4655-4890-8BA9-A9E4E9B10970}.Debug|iPhone.Build.0 = Debug|Any CPU
		{FB3D1603-4655-4890-8BA9-A9E4E9B10970}.Debug|iPhoneSimulator.ActiveCfg = Debug|Any CPU
		{FB3D1603-4655-4890-8BA9-A9E4E9B10970}.Debug|iPhoneSimulator.Build.0 = Debug|Any CPU
		{FB3D1603-4655-4890-8BA9-A9E4E9B10970}.Debug|x64.ActiveCfg = Debug|Any CPU
		{FB3D1603-4655-4890-8BA9-A9E4E9B10970}.Debug|x64.Build.0 = Debug|Any CPU
		{FB3D1603-4655-4890-8BA9-A9E4E9B10970}.Debug|x86.ActiveCfg = Debug|Any CPU
		{FB3D1603-4655-4890-8BA9-A9E4E9B10970}.Debug|x86.Build.0 = Debug|Any CPU
		{FB3D1603-4655-4890-8BA9-A9E4E9B10970}.Release|Any CPU.ActiveCfg = Release|Any CPU
		{FB3D1603-4655-4890-8BA9-A9E4E9B10970}.Release|Any CPU.Build.0 = Release|Any CPU
		{FB3D1603-4655-4890-8BA9-A9E4E9B10970}.Release|ARM.ActiveCfg = Release|Any CPU
		{FB3D1603-4655-4890-8BA9-A9E4E9B10970}.Release|ARM.Build.0 = Release|Any CPU
		{FB3D1603-4655-4890-8BA9-A9E4E9B10970}.Release|iPhone.ActiveCfg = Release|Any CPU
		{FB3D1603-4655-4890-8BA9-A9E4E9B10970}.Release|iPhone.Build.0 = Release|Any CPU
		{FB3D1603-4655-4890-8BA9-A9E4E9B10970}.Release|iPhoneSimulator.ActiveCfg = Release|Any CPU
		{FB3D1603-4655-4890-8BA9-A9E4E9B10970}.Release|iPhoneSimulator.Build.0 = Release|Any CPU
		{FB3D1603-4655-4890-8BA9-A9E4E9B10970}.Release|x64.ActiveCfg = Release|Any CPU
		{FB3D1603-4655-4890-8BA9-A9E4E9B10970}.Release|x64.Build.0 = Release|Any CPU
		{FB3D1603-4655-4890-8BA9-A9E4E9B10970}.Release|x86.ActiveCfg = Release|Any CPU
		{FB3D1603-4655-4890-8BA9-A9E4E9B10970}.Release|x86.Build.0 = Release|Any CPU
	EndGlobalSection
	GlobalSection(SolutionProperties) = preSolution
		HideSolutionNode = FALSE
	EndGlobalSection
	GlobalSection(ExtensibilityGlobals) = postSolution
		SolutionGuid = {0CD76CD7-C3F8-45AC-8E0C-8C6D8B6D7BCB}
	EndGlobalSection
EndGlobal
