
Microsoft Visual Studio Solution File, Format Version 12.00
# Visual Studio 15
VisualStudioVersion = 15.0.27004.2008
MinimumVisualStudioVersion = 10.0.40219.1
Project("{FAE04EC0-301F-11D3-BF4B-00C04F79EFBC}") = "DadosLocaisExemplo.Android", "DadosLocaisExemplo\DadosLocaisExemplo.Android\DadosLocaisExemplo.Android.csproj", "{FAAD41F8-3C72-41EF-8ABB-C63EE59392B9}"
EndProject
Project("{FAE04EC0-301F-11D3-BF4B-00C04F79EFBC}") = "DadosLocaisExemplo", "DadosLocaisExemplo\DadosLocaisExemplo\DadosLocaisExemplo.csproj", "{71D80F13-BA36-42D3-A89A-E60AECF0F383}"
EndProject
Project("{FAE04EC0-301F-11D3-BF4B-00C04F79EFBC}") = "DadosLocaisExemplo.UWP", "DadosLocaisExemplo\DadosLocaisExemplo.UWP\DadosLocaisExemplo.UWP.csproj", "{8FB9F0D1-A8E5-42EB-A102-342C6EF1B8A9}"
EndProject
Project("{FAE04EC0-301F-11D3-BF4B-00C04F79EFBC}") = "DadosLocaisExemplo.iOS", "DadosLocaisExemplo\DadosLocaisExemplo.iOS\DadosLocaisExemplo.iOS.csproj", "{50661065-2AFB-4178-851C-DEC59CF962C0}"
EndProject
Global
	GlobalSection(SolutionConfigurationPlatforms) = preSolution
		Ad-Hoc|Any CPU = Ad-Hoc|Any CPU
		Ad-Hoc|ARM = Ad-Hoc|ARM
		Ad-Hoc|iPhone = Ad-Hoc|iPhone
		Ad-Hoc|iPhoneSimulator = Ad-Hoc|iPhoneSimulator
		Ad-Hoc|x64 = Ad-Hoc|x64
		Ad-Hoc|x86 = Ad-Hoc|x86
		AppStore|Any CPU = AppStore|Any CPU
		AppStore|ARM = AppStore|ARM
		AppStore|iPhone = AppStore|iPhone
		AppStore|iPhoneSimulator = AppStore|iPhoneSimulator
		AppStore|x64 = AppStore|x64
		AppStore|x86 = AppStore|x86
		Debug|Any CPU = Debug|Any CPU
		Debug|ARM = Debug|ARM
		Debug|iPhone = Debug|iPhone
		Debug|iPhoneSimulator = Debug|iPhoneSimulator
		Debug|x64 = Debug|x64
		Debug|x86 = Debug|x86
		Release|Any CPU = Release|Any CPU
		Release|ARM = Release|ARM
		Release|iPhone = Release|iPhone
		Release|iPhoneSimulator = Release|iPhoneSimulator
		Release|x64 = Release|x64
		Release|x86 = Release|x86
	EndGlobalSection
	GlobalSection(ProjectConfigurationPlatforms) = postSolution
		{FAAD41F8-3C72-41EF-8ABB-C63EE59392B9}.Ad-Hoc|Any CPU.ActiveCfg = Release|Any CPU
		{FAAD41F8-3C72-41EF-8ABB-C63EE59392B9}.Ad-Hoc|Any CPU.Build.0 = Release|Any CPU
		{FAAD41F8-3C72-41EF-8ABB-C63EE59392B9}.Ad-Hoc|Any CPU.Deploy.0 = Release|Any CPU
		{FAAD41F8-3C72-41EF-8ABB-C63EE59392B9}.Ad-Hoc|ARM.ActiveCfg = Release|Any CPU
		{FAAD41F8-3C72-41EF-8ABB-C63EE59392B9}.Ad-Hoc|ARM.Build.0 = Release|Any CPU
		{FAAD41F8-3C72-41EF-8ABB-C63EE59392B9}.Ad-Hoc|ARM.Deploy.0 = Release|Any CPU
		{FAAD41F8-3C72-41EF-8ABB-C63EE59392B9}.Ad-Hoc|iPhone.ActiveCfg = Release|Any CPU
		{FAAD41F8-3C72-41EF-8ABB-C63EE59392B9}.Ad-Hoc|iPhone.Build.0 = Release|Any CPU
		{FAAD41F8-3C72-41EF-8ABB-C63EE59392B9}.Ad-Hoc|iPhone.Deploy.0 = Release|Any CPU
		{FAAD41F8-3C72-41EF-8ABB-C63EE59392B9}.Ad-Hoc|iPhoneSimulator.ActiveCfg = Release|Any CPU
		{FAAD41F8-3C72-41EF-8ABB-C63EE59392B9}.Ad-Hoc|iPhoneSimulator.Build.0 = Release|Any CPU
		{FAAD41F8-3C72-41EF-8ABB-C63EE59392B9}.Ad-Hoc|iPhoneSimulator.Deploy.0 = Release|Any CPU
		{FAAD41F8-3C72-41EF-8ABB-C63EE59392B9}.Ad-Hoc|x64.ActiveCfg = Release|Any CPU
		{FAAD41F8-3C72-41EF-8ABB-C63EE59392B9}.Ad-Hoc|x64.Build.0 = Release|Any CPU
		{FAAD41F8-3C72-41EF-8ABB-C63EE59392B9}.Ad-Hoc|x64.Deploy.0 = Release|Any CPU
		{FAAD41F8-3C72-41EF-8ABB-C63EE59392B9}.Ad-Hoc|x86.ActiveCfg = Release|Any CPU
		{FAAD41F8-3C72-41EF-8ABB-C63EE59392B9}.Ad-Hoc|x86.Build.0 = Release|Any CPU
		{FAAD41F8-3C72-41EF-8ABB-C63EE59392B9}.Ad-Hoc|x86.Deploy.0 = Release|Any CPU
		{FAAD41F8-3C72-41EF-8ABB-C63EE59392B9}.AppStore|Any CPU.ActiveCfg = Release|Any CPU
		{FAAD41F8-3C72-41EF-8ABB-C63EE59392B9}.AppStore|Any CPU.Build.0 = Release|Any CPU
		{FAAD41F8-3C72-41EF-8ABB-C63EE59392B9}.AppStore|Any CPU.Deploy.0 = Release|Any CPU
		{FAAD41F8-3C72-41EF-8ABB-C63EE59392B9}.AppStore|ARM.ActiveCfg = Release|Any CPU
		{FAAD41F8-3C72-41EF-8ABB-C63EE59392B9}.AppStore|ARM.Build.0 = Release|Any CPU
		{FAAD41F8-3C72-41EF-8ABB-C63EE59392B9}.AppStore|ARM.Deploy.0 = Release|Any CPU
		{FAAD41F8-3C72-41EF-8ABB-C63EE59392B9}.AppStore|iPhone.ActiveCfg = Release|Any CPU
		{FAAD41F8-3C72-41EF-8ABB-C63EE59392B9}.AppStore|iPhone.Build.0 = Release|Any CPU
		{FAAD41F8-3C72-41EF-8ABB-C63EE59392B9}.AppStore|iPhone.Deploy.0 = Release|Any CPU
		{FAAD41F8-3C72-41EF-8ABB-C63EE59392B9}.AppStore|iPhoneSimulator.ActiveCfg = Release|Any CPU
		{FAAD41F8-3C72-41EF-8ABB-C63EE59392B9}.AppStore|iPhoneSimulator.Build.0 = Release|Any CPU
		{FAAD41F8-3C72-41EF-8ABB-C63EE59392B9}.AppStore|iPhoneSimulator.Deploy.0 = Release|Any CPU
		{FAAD41F8-3C72-41EF-8ABB-C63EE59392B9}.AppStore|x64.ActiveCfg = Release|Any CPU
		{FAAD41F8-3C72-41EF-8ABB-C63EE59392B9}.AppStore|x64.Build.0 = Release|Any CPU
		{FAAD41F8-3C72-41EF-8ABB-C63EE59392B9}.AppStore|x64.Deploy.0 = Release|Any CPU
		{FAAD41F8-3C72-41EF-8ABB-C63EE59392B9}.AppStore|x86.ActiveCfg = Release|Any CPU
		{FAAD41F8-3C72-41EF-8ABB-C63EE59392B9}.AppStore|x86.Build.0 = Release|Any CPU
		{FAAD41F8-3C72-41EF-8ABB-C63EE59392B9}.AppStore|x86.Deploy.0 = Release|Any CPU
		{FAAD41F8-3C72-41EF-8ABB-C63EE59392B9}.Debug|Any CPU.ActiveCfg = Debug|Any CPU
		{FAAD41F8-3C72-41EF-8ABB-C63EE59392B9}.Debug|Any CPU.Build.0 = Debug|Any CPU
		{FAAD41F8-3C72-41EF-8ABB-C63EE59392B9}.Debug|Any CPU.Deploy.0 = Debug|Any CPU
		{FAAD41F8-3C72-41EF-8ABB-C63EE59392B9}.Debug|ARM.ActiveCfg = Debug|Any CPU
		{FAAD41F8-3C72-41EF-8ABB-C63EE59392B9}.Debug|ARM.Build.0 = Debug|Any CPU
		{FAAD41F8-3C72-41EF-8ABB-C63EE59392B9}.Debug|ARM.Deploy.0 = Debug|Any CPU
		{FAAD41F8-3C72-41EF-8ABB-C63EE59392B9}.Debug|iPhone.ActiveCfg = Debug|Any CPU
		{FAAD41F8-3C72-41EF-8ABB-C63EE59392B9}.Debug|iPhone.Build.0 = Debug|Any CPU
		{FAAD41F8-3C72-41EF-8ABB-C63EE59392B9}.Debug|iPhone.Deploy.0 = Debug|Any CPU
		{FAAD41F8-3C72-41EF-8ABB-C63EE59392B9}.Debug|iPhoneSimulator.ActiveCfg = Debug|Any CPU
		{FAAD41F8-3C72-41EF-8ABB-C63EE59392B9}.Debug|iPhoneSimulator.Build.0 = Debug|Any CPU
		{FAAD41F8-3C72-41EF-8ABB-C63EE59392B9}.Debug|iPhoneSimulator.Deploy.0 = Debug|Any CPU
		{FAAD41F8-3C72-41EF-8ABB-C63EE59392B9}.Debug|x64.ActiveCfg = Debug|Any CPU
		{FAAD41F8-3C72-41EF-8ABB-C63EE59392B9}.Debug|x64.Build.0 = Debug|Any CPU
		{FAAD41F8-3C72-41EF-8ABB-C63EE59392B9}.Debug|x64.Deploy.0 = Debug|Any CPU
		{FAAD41F8-3C72-41EF-8ABB-C63EE59392B9}.Debug|x86.ActiveCfg = Debug|Any CPU
		{FAAD41F8-3C72-41EF-8ABB-C63EE59392B9}.Debug|x86.Build.0 = Debug|Any CPU
		{FAAD41F8-3C72-41EF-8ABB-C63EE59392B9}.Debug|x86.Deploy.0 = Debug|Any CPU
		{FAAD41F8-3C72-41EF-8ABB-C63EE59392B9}.Release|Any CPU.ActiveCfg = Release|Any CPU
		{FAAD41F8-3C72-41EF-8ABB-C63EE59392B9}.Release|Any CPU.Build.0 = Release|Any CPU
		{FAAD41F8-3C72-41EF-8ABB-C63EE59392B9}.Release|Any CPU.Deploy.0 = Release|Any CPU
		{FAAD41F8-3C72-41EF-8ABB-C63EE59392B9}.Release|ARM.ActiveCfg = Release|Any CPU
		{FAAD41F8-3C72-41EF-8ABB-C63EE59392B9}.Release|ARM.Build.0 = Release|Any CPU
		{FAAD41F8-3C72-41EF-8ABB-C63EE59392B9}.Release|ARM.Deploy.0 = Release|Any CPU
		{FAAD41F8-3C72-41EF-8ABB-C63EE59392B9}.Release|iPhone.ActiveCfg = Release|Any CPU
		{FAAD41F8-3C72-41EF-8ABB-C63EE59392B9}.Release|iPhone.Build.0 = Release|Any CPU
		{FAAD41F8-3C72-41EF-8ABB-C63EE59392B9}.Release|iPhone.Deploy.0 = Release|Any CPU
		{FAAD41F8-3C72-41EF-8ABB-C63EE59392B9}.Release|iPhoneSimulator.ActiveCfg = Release|Any CPU
		{FAAD41F8-3C72-41EF-8ABB-C63EE59392B9}.Release|iPhoneSimulator.Build.0 = Release|Any CPU
		{FAAD41F8-3C72-41EF-8ABB-C63EE59392B9}.Release|iPhoneSimulator.Deploy.0 = Release|Any CPU
		{FAAD41F8-3C72-41EF-8ABB-C63EE59392B9}.Release|x64.ActiveCfg = Release|Any CPU
		{FAAD41F8-3C72-41EF-8ABB-C63EE59392B9}.Release|x64.Build.0 = Release|Any CPU
		{FAAD41F8-3C72-41EF-8ABB-C63EE59392B9}.Release|x64.Deploy.0 = Release|Any CPU
		{FAAD41F8-3C72-41EF-8ABB-C63EE59392B9}.Release|x86.ActiveCfg = Release|Any CPU
		{FAAD41F8-3C72-41EF-8ABB-C63EE59392B9}.Release|x86.Build.0 = Release|Any CPU
		{FAAD41F8-3C72-41EF-8ABB-C63EE59392B9}.Release|x86.Deploy.0 = Release|Any CPU
		{71D80F13-BA36-42D3-A89A-E60AECF0F383}.Ad-Hoc|Any CPU.ActiveCfg = Release|Any CPU
		{71D80F13-BA36-42D3-A89A-E60AECF0F383}.Ad-Hoc|Any CPU.Build.0 = Release|Any CPU
		{71D80F13-BA36-42D3-A89A-E60AECF0F383}.Ad-Hoc|ARM.ActiveCfg = Release|Any CPU
		{71D80F13-BA36-42D3-A89A-E60AECF0F383}.Ad-Hoc|ARM.Build.0 = Release|Any CPU
		{71D80F13-BA36-42D3-A89A-E60AECF0F383}.Ad-Hoc|iPhone.ActiveCfg = Release|Any CPU
		{71D80F13-BA36-42D3-A89A-E60AECF0F383}.Ad-Hoc|iPhone.Build.0 = Release|Any CPU
		{71D80F13-BA36-42D3-A89A-E60AECF0F383}.Ad-Hoc|iPhoneSimulator.ActiveCfg = Release|Any CPU
		{71D80F13-BA36-42D3-A89A-E60AECF0F383}.Ad-Hoc|iPhoneSimulator.Build.0 = Release|Any CPU
		{71D80F13-BA36-42D3-A89A-E60AECF0F383}.Ad-Hoc|x64.ActiveCfg = Release|Any CPU
		{71D80F13-BA36-42D3-A89A-E60AECF0F383}.Ad-Hoc|x64.Build.0 = Release|Any CPU
		{71D80F13-BA36-42D3-A89A-E60AECF0F383}.Ad-Hoc|x86.ActiveCfg = Release|Any CPU
		{71D80F13-BA36-42D3-A89A-E60AECF0F383}.Ad-Hoc|x86.Build.0 = Release|Any CPU
		{71D80F13-BA36-42D3-A89A-E60AECF0F383}.AppStore|Any CPU.ActiveCfg = Release|Any CPU
		{71D80F13-BA36-42D3-A89A-E60AECF0F383}.AppStore|Any CPU.Build.0 = Release|Any CPU
		{71D80F13-BA36-42D3-A89A-E60AECF0F383}.AppStore|ARM.ActiveCfg = Release|Any CPU
		{71D80F13-BA36-42D3-A89A-E60AECF0F383}.AppStore|ARM.Build.0 = Release|Any CPU
		{71D80F13-BA36-42D3-A89A-E60AECF0F383}.AppStore|iPhone.ActiveCfg = Release|Any CPU
		{71D80F13-BA36-42D3-A89A-E60AECF0F383}.AppStore|iPhone.Build.0 = Release|Any CPU
		{71D80F13-BA36-42D3-A89A-E60AECF0F383}.AppStore|iPhoneSimulator.ActiveCfg = Release|Any CPU
		{71D80F13-BA36-42D3-A89A-E60AECF0F383}.AppStore|iPhoneSimulator.Build.0 = Release|Any CPU
		{71D80F13-BA36-42D3-A89A-E60AECF0F383}.AppStore|x64.ActiveCfg = Release|Any CPU
		{71D80F13-BA36-42D3-A89A-E60AECF0F383}.AppStore|x64.Build.0 = Release|Any CPU
		{71D80F13-BA36-42D3-A89A-E60AECF0F383}.AppStore|x86.ActiveCfg = Release|Any CPU
		{71D80F13-BA36-42D3-A89A-E60AECF0F383}.AppStore|x86.Build.0 = Release|Any CPU
		{71D80F13-BA36-42D3-A89A-E60AECF0F383}.Debug|Any CPU.ActiveCfg = Debug|Any CPU
		{71D80F13-BA36-42D3-A89A-E60AECF0F383}.Debug|Any CPU.Build.0 = Debug|Any CPU
		{71D80F13-BA36-42D3-A89A-E60AECF0F383}.Debug|ARM.ActiveCfg = Debug|Any CPU
		{71D80F13-BA36-42D3-A89A-E60AECF0F383}.Debug|ARM.Build.0 = Debug|Any CPU
		{71D80F13-BA36-42D3-A89A-E60AECF0F383}.Debug|iPhone.ActiveCfg = Debug|Any CPU
		{71D80F13-BA36-42D3-A89A-E60AECF0F383}.Debug|iPhone.Build.0 = Debug|Any CPU
		{71D80F13-BA36-42D3-A89A-E60AECF0F383}.Debug|iPhoneSimulator.ActiveCfg = Debug|Any CPU
		{71D80F13-BA36-42D3-A89A-E60AECF0F383}.Debug|iPhoneSimulator.Build.0 = Debug|Any CPU
		{71D80F13-BA36-42D3-A89A-E60AECF0F383}.Debug|x64.ActiveCfg = Debug|Any CPU
		{71D80F13-BA36-42D3-A89A-E60AECF0F383}.Debug|x64.Build.0 = Debug|Any CPU
		{71D80F13-BA36-42D3-A89A-E60AECF0F383}.Debug|x86.ActiveCfg = Debug|Any CPU
		{71D80F13-BA36-42D3-A89A-E60AECF0F383}.Debug|x86.Build.0 = Debug|Any CPU
		{71D80F13-BA36-42D3-A89A-E60AECF0F383}.Release|Any CPU.ActiveCfg = Release|Any CPU
		{71D80F13-BA36-42D3-A89A-E60AECF0F383}.Release|Any CPU.Build.0 = Release|Any CPU
		{71D80F13-BA36-42D3-A89A-E60AECF0F383}.Release|ARM.ActiveCfg = Release|Any CPU
		{71D80F13-BA36-42D3-A89A-E60AECF0F383}.Release|ARM.Build.0 = Release|Any CPU
		{71D80F13-BA36-42D3-A89A-E60AECF0F383}.Release|iPhone.ActiveCfg = Release|Any CPU
		{71D80F13-BA36-42D3-A89A-E60AECF0F383}.Release|iPhone.Build.0 = Release|Any CPU
		{71D80F13-BA36-42D3-A89A-E60AECF0F383}.Release|iPhoneSimulator.ActiveCfg = Release|Any CPU
		{71D80F13-BA36-42D3-A89A-E60AECF0F383}.Release|iPhoneSimulator.Build.0 = Release|Any CPU
		{71D80F13-BA36-42D3-A89A-E60AECF0F383}.Release|x64.ActiveCfg = Release|Any CPU
		{71D80F13-BA36-42D3-A89A-E60AECF0F383}.Release|x64.Build.0 = Release|Any CPU
		{71D80F13-BA36-42D3-A89A-E60AECF0F383}.Release|x86.ActiveCfg = Release|Any CPU
		{71D80F13-BA36-42D3-A89A-E60AECF0F383}.Release|x86.Build.0 = Release|Any CPU
		{8FB9F0D1-A8E5-42EB-A102-342C6EF1B8A9}.Ad-Hoc|Any CPU.ActiveCfg = Release|x86
		{8FB9F0D1-A8E5-42EB-A102-342C6EF1B8A9}.Ad-Hoc|Any CPU.Build.0 = Release|x86
		{8FB9F0D1-A8E5-42EB-A102-342C6EF1B8A9}.Ad-Hoc|Any CPU.Deploy.0 = Release|x86
		{8FB9F0D1-A8E5-42EB-A102-342C6EF1B8A9}.Ad-Hoc|ARM.ActiveCfg = Release|ARM
		{8FB9F0D1-A8E5-42EB-A102-342C6EF1B8A9}.Ad-Hoc|ARM.Build.0 = Release|ARM
		{8FB9F0D1-A8E5-42EB-A102-342C6EF1B8A9}.Ad-Hoc|ARM.Deploy.0 = Release|ARM
		{8FB9F0D1-A8E5-42EB-A102-342C6EF1B8A9}.Ad-Hoc|iPhone.ActiveCfg = Release|x86
		{8FB9F0D1-A8E5-42EB-A102-342C6EF1B8A9}.Ad-Hoc|iPhone.Build.0 = Release|x86
		{8FB9F0D1-A8E5-42EB-A102-342C6EF1B8A9}.Ad-Hoc|iPhone.Deploy.0 = Release|x86
		{8FB9F0D1-A8E5-42EB-A102-342C6EF1B8A9}.Ad-Hoc|iPhoneSimulator.ActiveCfg = Release|x86
		{8FB9F0D1-A8E5-42EB-A102-342C6EF1B8A9}.Ad-Hoc|iPhoneSimulator.Build.0 = Release|x86
		{8FB9F0D1-A8E5-42EB-A102-342C6EF1B8A9}.Ad-Hoc|iPhoneSimulator.Deploy.0 = Release|x86
		{8FB9F0D1-A8E5-42EB-A102-342C6EF1B8A9}.Ad-Hoc|x64.ActiveCfg = Release|x64
		{8FB9F0D1-A8E5-42EB-A102-342C6EF1B8A9}.Ad-Hoc|x64.Build.0 = Release|x64
		{8FB9F0D1-A8E5-42EB-A102-342C6EF1B8A9}.Ad-Hoc|x64.Deploy.0 = Release|x64
		{8FB9F0D1-A8E5-42EB-A102-342C6EF1B8A9}.Ad-Hoc|x86.ActiveCfg = Release|x86
		{8FB9F0D1-A8E5-42EB-A102-342C6EF1B8A9}.Ad-Hoc|x86.Build.0 = Release|x86
		{8FB9F0D1-A8E5-42EB-A102-342C6EF1B8A9}.Ad-Hoc|x86.Deploy.0 = Release|x86
		{8FB9F0D1-A8E5-42EB-A102-342C6EF1B8A9}.AppStore|Any CPU.ActiveCfg = Release|x86
		{8FB9F0D1-A8E5-42EB-A102-342C6EF1B8A9}.AppStore|Any CPU.Build.0 = Release|x86
		{8FB9F0D1-A8E5-42EB-A102-342C6EF1B8A9}.AppStore|Any CPU.Deploy.0 = Release|x86
		{8FB9F0D1-A8E5-42EB-A102-342C6EF1B8A9}.AppStore|ARM.ActiveCfg = Release|ARM
		{8FB9F0D1-A8E5-42EB-A102-342C6EF1B8A9}.AppStore|ARM.Build.0 = Release|ARM
		{8FB9F0D1-A8E5-42EB-A102-342C6EF1B8A9}.AppStore|ARM.Deploy.0 = Release|ARM
		{8FB9F0D1-A8E5-42EB-A102-342C6EF1B8A9}.AppStore|iPhone.ActiveCfg = Release|x86
		{8FB9F0D1-A8E5-42EB-A102-342C6EF1B8A9}.AppStore|iPhone.Build.0 = Release|x86
		{8FB9F0D1-A8E5-42EB-A102-342C6EF1B8A9}.AppStore|iPhone.Deploy.0 = Release|x86
		{8FB9F0D1-A8E5-42EB-A102-342C6EF1B8A9}.AppStore|iPhoneSimulator.ActiveCfg = Release|x86
		{8FB9F0D1-A8E5-42EB-A102-342C6EF1B8A9}.AppStore|iPhoneSimulator.Build.0 = Release|x86
		{8FB9F0D1-A8E5-42EB-A102-342C6EF1B8A9}.AppStore|iPhoneSimulator.Deploy.0 = Release|x86
		{8FB9F0D1-A8E5-42EB-A102-342C6EF1B8A9}.AppStore|x64.ActiveCfg = Release|x64
		{8FB9F0D1-A8E5-42EB-A102-342C6EF1B8A9}.AppStore|x64.Build.0 = Release|x64
		{8FB9F0D1-A8E5-42EB-A102-342C6EF1B8A9}.AppStore|x64.Deploy.0 = Release|x64
		{8FB9F0D1-A8E5-42EB-A102-342C6EF1B8A9}.AppStore|x86.ActiveCfg = Release|x86
		{8FB9F0D1-A8E5-42EB-A102-342C6EF1B8A9}.AppStore|x86.Build.0 = Release|x86
		{8FB9F0D1-A8E5-42EB-A102-342C6EF1B8A9}.AppStore|x86.Deploy.0 = Release|x86
		{8FB9F0D1-A8E5-42EB-A102-342C6EF1B8A9}.Debug|Any CPU.ActiveCfg = Debug|x86
		{8FB9F0D1-A8E5-42EB-A102-342C6EF1B8A9}.Debug|ARM.ActiveCfg = Debug|ARM
		{8FB9F0D1-A8E5-42EB-A102-342C6EF1B8A9}.Debug|ARM.Build.0 = Debug|ARM
		{8FB9F0D1-A8E5-42EB-A102-342C6EF1B8A9}.Debug|ARM.Deploy.0 = Debug|ARM
		{8FB9F0D1-A8E5-42EB-A102-342C6EF1B8A9}.Debug|iPhone.ActiveCfg = Debug|x86
		{8FB9F0D1-A8E5-42EB-A102-342C6EF1B8A9}.Debug|iPhoneSimulator.ActiveCfg = Debug|x86
		{8FB9F0D1-A8E5-42EB-A102-342C6EF1B8A9}.Debug|x64.ActiveCfg = Debug|x64
		{8FB9F0D1-A8E5-42EB-A102-342C6EF1B8A9}.Debug|x64.Build.0 = Debug|x64
		{8FB9F0D1-A8E5-42EB-A102-342C6EF1B8A9}.Debug|x64.Deploy.0 = Debug|x64
		{8FB9F0D1-A8E5-42EB-A102-342C6EF1B8A9}.Debug|x86.ActiveCfg = Debug|x86
		{8FB9F0D1-A8E5-42EB-A102-342C6EF1B8A9}.Debug|x86.Build.0 = Debug|x86
		{8FB9F0D1-A8E5-42EB-A102-342C6EF1B8A9}.Debug|x86.Deploy.0 = Debug|x86
		{8FB9F0D1-A8E5-42EB-A102-342C6EF1B8A9}.Release|Any CPU.ActiveCfg = Release|x86
		{8FB9F0D1-A8E5-42EB-A102-342C6EF1B8A9}.Release|ARM.ActiveCfg = Release|ARM
		{8FB9F0D1-A8E5-42EB-A102-342C6EF1B8A9}.Release|ARM.Build.0 = Release|ARM
		{8FB9F0D1-A8E5-42EB-A102-342C6EF1B8A9}.Release|ARM.Deploy.0 = Release|ARM
		{8FB9F0D1-A8E5-42EB-A102-342C6EF1B8A9}.Release|iPhone.ActiveCfg = Release|x86
		{8FB9F0D1-A8E5-42EB-A102-342C6EF1B8A9}.Release|iPhoneSimulator.ActiveCfg = Release|x86
		{8FB9F0D1-A8E5-42EB-A102-342C6EF1B8A9}.Release|x64.ActiveCfg = Release|x64
		{8FB9F0D1-A8E5-42EB-A102-342C6EF1B8A9}.Release|x64.Build.0 = Release|x64
		{8FB9F0D1-A8E5-42EB-A102-342C6EF1B8A9}.Release|x64.Deploy.0 = Release|x64
		{8FB9F0D1-A8E5-42EB-A102-342C6EF1B8A9}.Release|x86.ActiveCfg = Release|x86
		{8FB9F0D1-A8E5-42EB-A102-342C6EF1B8A9}.Release|x86.Build.0 = Release|x86
		{8FB9F0D1-A8E5-42EB-A102-342C6EF1B8A9}.Release|x86.Deploy.0 = Release|x86
		{50661065-2AFB-4178-851C-DEC59CF962C0}.Ad-Hoc|Any CPU.ActiveCfg = Ad-Hoc|iPhoneSimulator
		{50661065-2AFB-4178-851C-DEC59CF962C0}.Ad-Hoc|ARM.ActiveCfg = Ad-Hoc|iPhone
		{50661065-2AFB-4178-851C-DEC59CF962C0}.Ad-Hoc|iPhone.ActiveCfg = Ad-Hoc|iPhone
		{50661065-2AFB-4178-851C-DEC59CF962C0}.Ad-Hoc|iPhone.Build.0 = Ad-Hoc|iPhone
		{50661065-2AFB-4178-851C-DEC59CF962C0}.Ad-Hoc|iPhoneSimulator.ActiveCfg = Ad-Hoc|iPhoneSimulator
		{50661065-2AFB-4178-851C-DEC59CF962C0}.Ad-Hoc|iPhoneSimulator.Build.0 = Ad-Hoc|iPhoneSimulator
		{50661065-2AFB-4178-851C-DEC59CF962C0}.Ad-Hoc|x64.ActiveCfg = Ad-Hoc|iPhone
		{50661065-2AFB-4178-851C-DEC59CF962C0}.Ad-Hoc|x86.ActiveCfg = Ad-Hoc|iPhone
		{50661065-2AFB-4178-851C-DEC59CF962C0}.AppStore|Any CPU.ActiveCfg = AppStore|iPhoneSimulator
		{50661065-2AFB-4178-851C-DEC59CF962C0}.AppStore|ARM.ActiveCfg = AppStore|iPhone
		{50661065-2AFB-4178-851C-DEC59CF962C0}.AppStore|iPhone.ActiveCfg = AppStore|iPhone
		{50661065-2AFB-4178-851C-DEC59CF962C0}.AppStore|iPhone.Build.0 = AppStore|iPhone
		{50661065-2AFB-4178-851C-DEC59CF962C0}.AppStore|iPhoneSimulator.ActiveCfg = AppStore|iPhoneSimulator
		{50661065-2AFB-4178-851C-DEC59CF962C0}.AppStore|iPhoneSimulator.Build.0 = AppStore|iPhoneSimulator
		{50661065-2AFB-4178-851C-DEC59CF962C0}.AppStore|x64.ActiveCfg = AppStore|iPhone
		{50661065-2AFB-4178-851C-DEC59CF962C0}.AppStore|x86.ActiveCfg = AppStore|iPhone
		{50661065-2AFB-4178-851C-DEC59CF962C0}.Debug|Any CPU.ActiveCfg = Debug|iPhoneSimulator
		{50661065-2AFB-4178-851C-DEC59CF962C0}.Debug|ARM.ActiveCfg = Debug|iPhone
		{50661065-2AFB-4178-851C-DEC59CF962C0}.Debug|iPhone.ActiveCfg = Debug|iPhone
		{50661065-2AFB-4178-851C-DEC59CF962C0}.Debug|iPhone.Build.0 = Debug|iPhone
		{50661065-2AFB-4178-851C-DEC59CF962C0}.Debug|iPhoneSimulator.ActiveCfg = Debug|iPhoneSimulator
		{50661065-2AFB-4178-851C-DEC59CF962C0}.Debug|iPhoneSimulator.Build.0 = Debug|iPhoneSimulator
		{50661065-2AFB-4178-851C-DEC59CF962C0}.Debug|x64.ActiveCfg = Debug|iPhone
		{50661065-2AFB-4178-851C-DEC59CF962C0}.Debug|x86.ActiveCfg = Debug|iPhone
		{50661065-2AFB-4178-851C-DEC59CF962C0}.Release|Any CPU.ActiveCfg = Release|iPhoneSimulator
		{50661065-2AFB-4178-851C-DEC59CF962C0}.Release|ARM.ActiveCfg = Release|iPhone
		{50661065-2AFB-4178-851C-DEC59CF962C0}.Release|iPhone.ActiveCfg = Release|iPhone
		{50661065-2AFB-4178-851C-DEC59CF962C0}.Release|iPhone.Build.0 = Release|iPhone
		{50661065-2AFB-4178-851C-DEC59CF962C0}.Release|iPhoneSimulator.ActiveCfg = Release|iPhoneSimulator
		{50661065-2AFB-4178-851C-DEC59CF962C0}.Release|iPhoneSimulator.Build.0 = Release|iPhoneSimulator
		{50661065-2AFB-4178-851C-DEC59CF962C0}.Release|x64.ActiveCfg = Release|iPhone
		{50661065-2AFB-4178-851C-DEC59CF962C0}.Release|x86.ActiveCfg = Release|iPhone
	EndGlobalSection
	GlobalSection(SolutionProperties) = preSolution
		HideSolutionNode = FALSE
	EndGlobalSection
	GlobalSection(ExtensibilityGlobals) = postSolution
		SolutionGuid = {6F3BED83-834C-48D0-9CBC-C35D2A036E5F}
	EndGlobalSection
EndGlobal
